{
  "nodes": {
    "chaotic": {
      "inputs": {
        "flake-schemas": "flake-schemas",
        "home-manager": "home-manager",
        "nixpkgs": "nixpkgs"
      },
      "locked": {
        "lastModified": 1787720747,
        "narHash": "sha256-mzBSlHqfUyOy/myvVBb1laqUKlAt2J0rrtwU5r+8N4w=",
        "owner": "chaotic-cx",
        "repo": "nyx",
        "rev": "fffdcac925fbf935820af6c64cf45379272b69e6",
        "type": "github"
      },
      "original": {
        "owner": "chaotic-cx",
        "ref": "nyxpkgs-unstable",
        "repo": "nyx",
        "type": "github"
      }
    },
    "disko": {
      "inputs": {
        "nixpkgs": [
          "nixpkgs"
        ]
      },
      "locked": {
        "lastModified": 1781152676,
        "narHash": "sha256-RxWs5ND31KzTG7wvMM+PMfUjyNpmIEr999lqNARaM5o=",
        "owner": "nix-community",
        "repo": "disko",
        "rev": "ff8702b4de27f72b4c78573dfb89ec74e36abdf1",
        "type": "github"
      },
      "original": {
        "owner": "nix-community",
        "repo": "disko",
        "type": "github"
      }
    },
    "firefox-addons": {
      "inputs": {
        "nixpkgs": [
          "nixpkgs"
        ]
      },
      "locked": {
        "dir": "pkgs/firefox-addons",
        "lastModified": 1787803374,
        "narHash": "sha256-XifOWuQ0wKbmggLycJzG5nC4CXYrX0i5CpeOwYqZ56M=",
        "owner": "rycee",
        "repo": "nur-expressions",
        "rev": "36e9ecd6655041792fc07ba6ac5bd846a8f00994",
        "type": "gitlab"
      },
      "original": {
        "dir": "pkgs/firefox-addons",
        "owner": "rycee",
        "repo": "nur-expressions",
        "type": "gitlab"
      }
    },
    "flake-compat": {
      "locked": {
        "lastModified": 1761640442,
        "narHash": "sha256-AtrEP6Jmdvrqiv4x2xa5mrtaIp3OEe8uBYCDZDS+hu8=",
        "owner": "nix-community",
        "repo": "flake-compat",
        "rev": "4a56054d8ffc173222d09dad23adf4ba946c8884",
        "type": "github"
      },
      "original": {
        "owner": "nix-community",
        "repo": "flake-compat",
        "type": "github"
      }
    },
    "flake-parts": {
      "inputs": {
        "nixpkgs-lib": [
          "steam-config-nix",
          "nixpkgs"
        ]
      },
      "locked": {
        "lastModified": 1785627969,
        "narHash": "sha256-4dtXQk/NMePegK/nWp5NSeuZKLATItOq61lpEvmXqGw=",
        "owner": "hercules-ci",
        "repo": "flake-parts",
        "rev": "427bf4bd9435fdf21321c8cc628c24efc14c0f7a",
        "type": "github"
      },
      "original": {
        "owner": "hercules-ci",
        "repo": "flake-parts",
        "type": "github"
      }
    },
    "flake-schemas": {
      "locked": {
        "lastModified": 1780327564,
        "narHash": "sha256-HiRPtA0spK+Dkgbhz/1zW9glXxNVB+L4Rj2VYmdawb8=",
        "rev": "6cc9bd98891b1fc6bb2b8cb3277df8bc72799ca6",
        "revCount": 149,
        "type": "tarball",
        "url": "https://api.flakehub.com/f/pinned/DeterminateSystems/flake-schemas/0.5.0/019e83cf-9af3-78b1-ac5b-70e68ad1efe1/source.tar.gz"
      },
      "original": {
        "type": "tarball",
        "url": "https://flakehub.com/f/DeterminateSystems/flake-schemas/%3D0.5.0.tar.gz"
      }
    },
    "home-manager": {
      "inputs": {
        "nixpkgs": [
          "chaotic",
          "nixpkgs"
        ]
      },
      "locked": {
        "lastModified": 1787680808,
        "narHash": "sha256-9168tNt0NZdtlx5RM5huEuc9NCWMLACJA9O4UK/l2Zc=",
        "owner": "nix-community",
        "repo": "home-manager",
        "rev": "6840c9a8f50722944eb106ce8bb237c138584f2a",
        "type": "github"
      },
      "original": {
        "owner": "nix-community",
        "repo": "home-manager",
        "type": "github"
      }
    },
    "home-manager_2": {
      "inputs": {
        "nixpkgs": [
          "nixpkgs"
        ]
      },
      "locked": {
        "lastModified": 1787797243,
        "narHash": "sha256-8+Q7NOB7RPajRjA4pbCDLzqH+MTjnG9x6LUPLfL2joA=",
        "owner": "nix-community",
        "repo": "home-manager",
        "rev": "99c9ec63390f1d8c14d95d9e8b17cc29cfbd4e11",
        "type": "github"
      },
      "original": {
        "owner": "nix-community",
        "repo": "home-manager",
        "type": "github"
      }
    },
    "nix-battle-net": {
      "inputs": {
        "nixpkgs": [
          "nixpkgs"
        ]
      },
      "locked": {
        "lastModified": 1787790899,
        "narHash": "sha256-L0mowoBSlNn/A2eThYrvg6jDnbcWdhjCvBkdv+lNhDo=",
        "owner": "gaavin",
        "repo": "nix-battle-net",
        "rev": "220658722c95178c16892de4f08b21c22e6c5c50",
        "type": "github"
      },
      "original": {
        "owner": "gaavin",
        "repo": "nix-battle-net",
        "type": "github"
      }
    },
    "nix-epic-games-launcher": {
      "inputs": {
        "nixpkgs": [
          "nixpkgs"
        ]
      },
      "locked": {
        "lastModified": 1787795866,
        "narHash": "sha256-YT+tRuOCd7uV5U3I8PePk9a992GLbHiestd00gZOSFg=",
        "owner": "gaavin",
        "repo": "nix-epic-games-launcher",
        "rev": "f687f8c15c296c4a368fe2de673416065d497e0a",
        "type": "github"
      },
      "original": {
        "owner": "gaavin",
        "repo": "nix-epic-games-launcher",
        "type": "github"
      }
    },
    "nix-grok-build": {
      "inputs": {
        "nixpkgs": [
          "nixpkgs"
        ]
      },
      "locked": {
        "lastModified": 1787790954,
        "narHash": "sha256-ecFaBNTT9ngkJwU/B/vLFRzbEopPaeB0aBwaT7XrNLo=",
        "owner": "gaavin",
        "repo": "nix-grok-build",
        "rev": "ddcb509a9be6820483d551a85ca52753e6c48a10",
        "type": "github"
      },
      "original": {
        "owner": "gaavin",
        "repo": "nix-grok-build",
        "type": "github"
      }
    },
    "nix-osu-lazer-aarch64": {
      "inputs": {
        "nixpkgs": [
          "nixpkgs"
        ]
      },
      "locked": {
        "lastModified": 1787790999,
        "narHash": "sha256-fGLQ9BqckFzNFZHA+3cLoGxOs9yOcWfTvCIK3p1tTM0=",
        "owner": "gaavin",
        "repo": "nix-osu-lazer-aarch64",
        "rev": "2af6b01f3ade3872dc00ceb37dc915f6906b5aa3",
        "type": "github"
      },
      "original": {
        "owner": "gaavin",
        "repo": "nix-osu-lazer-aarch64",
        "type": "github"
      }
    },
    "nix-osu-stable": {
      "inputs": {
        "nixpkgs": [
          "nixpkgs"
        ],
        "offset-calc-osu-stable": "offset-calc-osu-stable"
      },
      "locked": {
        "lastModified": 1787794067,
        "narHash": "sha256-nXENQYluLpktjwuhefcblSjzGo/Sw4mShH8LTYa3zS4=",
        "owner": "gaavin",
        "repo": "nix-osu-stable",
        "rev": "8a5869a1687395b1cd1fd5074060383d6911a994",
        "type": "github"
      },
      "original": {
        "owner": "gaavin",
        "repo": "nix-osu-stable",
        "type": "github"
      }
    },
    "nix-spotify-aarch64": {
      "inputs": {
        "nixpkgs": [
          "nixpkgs"
        ]
      },
      "locked": {
        "lastModified": 1787790936,
        "narHash": "sha256-SsZCcGIUv/OuN6IqLm2iXbCDt5nUpBjNqW8x8+6Zz/I=",
        "owner": "gaavin",
        "repo": "nix-spotify-aarch64",
        "rev": "3bf2600340220e95fd7ef18db8d566cfb5be9fda",
        "type": "github"
      },
      "original": {
        "owner": "gaavin",
        "repo": "nix-spotify-aarch64",
        "type": "github"
      }
    },
    "nix-thonny": {
      "inputs": {
        "nixpkgs": [
          "nixpkgs"
        ]
      },
      "locked": {
        "lastModified": 1787889707,
        "narHash": "sha256-Vr8Dr3v71ZYeph2tV7+jl7Onz1qTmixe8ROMxwZOvmM=",
        "owner": "gaavin",
        "repo": "nix-thonny",
        "rev": "5366710bb8320fb6c9c5ca0a5f5525a5fce7aaf4",
        "type": "github"
      },
      "original": {
        "owner": "gaavin",
        "repo": "nix-thonny",
        "type": "github"
      }
    },
    "nixos-apple-silicon": {
      "inputs": {
        "flake-compat": "flake-compat",
        "nixpkgs": "nixpkgs_2"
      },
      "locked": {
        "lastModified": 1787749944,
        "narHash": "sha256-kJx0zNcW00CSRWHm0w1dhHBF+bNP89eW8ekdfN6pwqs=",
        "owner": "nix-community",
        "repo": "nixos-apple-silicon",
        "rev": "cae818c72b2138510334850a3ff435831703bd23",
        "type": "github"
      },
      "original": {
        "owner": "nix-community",
        "repo": "nixos-apple-silicon",
        "type": "github"
      }
    },
    "nixpkgs": {
      "locked": {
        "lastModified": 1787498568,
        "narHash": "sha256-9i/VTdusq/+NM/tz+J1Re+ojkMB8MBf0QshnYfzHz30=",
        "owner": "NixOS",
        "repo": "nixpkgs",
        "rev": "56c02bc00adcf003215cc4bd996d6efaf4cff188",
        "type": "github"
      },
      "original": {
        "owner": "NixOS",
        "ref": "nixos-unstable",
        "repo": "nixpkgs",
        "type": "github"
      }
    },
    "nixpkgs_2": {
      "locked": {
        "lastModified": 1786106723,
        "narHash": "sha256-zDSUbpoeo/9ZmD2+wXnzxoo1+uhL8vxc0b8yuYMKYq0=",
        "owner": "NixOS",
        "repo": "nixpkgs",
        "rev": "f13ff45afd1bb73e640eaa08a7066dbed07e3238",
        "type": "github"
      },
      "original": {
        "owner": "NixOS",
        "ref": "nixos-unstable",
        "repo": "nixpkgs",
        "type": "github"
      }
    },
    "nixpkgs_3": {
      "locked": {
        "lastModified": 1787736819,
        "narHash": "sha256-IkjmqLoWzeqBAi1VIkdhDLMGjQDJ4suEDp59Zwxpswg=",
        "rev": "9fbb54b33e91ee4ca368e35a78e0613c720600b3",
        "type": "tarball",
        "url": "https://releases.nixos.org/nixos/unstable/nixos-26.11pre1062397.9fbb54b33e91/nixexprs.tar.xz"
      },
      "original": {
        "id": "nixpkgs",
        "ref": "nixos-unstable",
        "type": "indirect"
      }
    },
    "offset-calc-osu-stable": {
      "inputs": {
        "nixpkgs": [
          "nix-osu-stable",
          "nixpkgs"
        ]
      },
      "locked": {
        "lastModified": 1787279683,
        "narHash": "sha256-gHwz/G1J69Vs5DTVcyXYOktLyhMpN8SyoaCz5jyCrNM=",
        "owner": "gaavin",
        "repo": "offset-calc-osu-stable",
        "rev": "ccb640f86f8c12e50356062168cb347fba12c174",
        "type": "github"
      },
      "original": {
        "owner": "gaavin",
        "repo": "offset-calc-osu-stable",
        "type": "github"
      }
    },
    "plasma-manager": {
      "inputs": {
        "home-manager": [
          "home-manager"
        ],
        "nixpkgs": [
          "nixpkgs"
        ]
      },
      "locked": {
        "lastModified": 1785762349,
        "narHash": "sha256-jZhZkzAwc7f3exzcTDJWP2WCAchCv0iNC3UF/QsahdQ=",
        "owner": "nix-community",
        "repo": "plasma-manager",
        "rev": "a19a2a029fa180911bd89c554dca1616e10f4c1d",
        "type": "github"
      },
      "original": {
        "owner": "nix-community",
        "repo": "plasma-manager",
        "type": "github"
      }
    },
    "root": {
      "inputs": {
        "chaotic": "chaotic",
        "disko": "disko",
        "firefox-addons": "firefox-addons",
        "home-manager": "home-manager_2",
        "nix-battle-net": "nix-battle-net",
        "nix-epic-games-launcher": "nix-epic-games-launcher",
        "nix-grok-build": "nix-grok-build",
        "nix-osu-lazer-aarch64": "nix-osu-lazer-aarch64",
        "nix-osu-stable": "nix-osu-stable",
        "nix-spotify-aarch64": "nix-spotify-aarch64",
        "nix-thonny": "nix-thonny",
        "nixos-apple-silicon": "nixos-apple-silicon",
        "nixpkgs": "nixpkgs_3",
        "plasma-manager": "plasma-manager",
        "steam-config-nix": "steam-config-nix"
      }
    },
    "steam-config-nix": {
      "inputs": {
        "flake-parts": "flake-parts",
        "nixpkgs": [
          "nixpkgs"
        ],
        "systems": "systems"
      },
      "locked": {
        "lastModified": 1787568509,
        "narHash": "sha256-Ad1q/OuCeEdBBeK5yttG4SqOAmhRoNYf0J381sHV2w0=",
        "owner": "different-name",
        "repo": "steam-config-nix",
        "rev": "e8c99d8e4aacf7e1854aa0196358b1b1c3b55067",
        "type": "github"
      },
      "original": {
        "owner": "different-name",
        "repo": "steam-config-nix",
        "type": "github"
      }
    },
    "systems": {
      "locked": {
        "lastModified": 1681028828,
        "narHash": "sha256-Vy1rq5AaRuLzOxct8nz4T6wlgyUR7zLU309k9mBC768=",
        "owner": "nix-systems",
        "repo": "default",
        "rev": "da67096a3b9bf56a91d16901293e51ba5b49a27e",
        "type": "github"
      },
      "original": {
        "owner": "nix-systems",
        "repo": "default",
        "type": "github"
      }
    }
  },
  "root": "root",
  "version": 7
}
