{
  "nodes": {
    "firefox-addons": {
      "inputs": {
        "nixpkgs": [
          "nixpkgs"
        ]
      },
      "locked": {
        "dir": "pkgs/firefox-addons",
        "lastModified": 1785297772,
        "narHash": "sha256-VO7mKyetwEVjjju/MuoYrkxtDnM9S4D5osTSUrRK7RM=",
        "owner": "rycee",
        "repo": "nur-expressions",
        "rev": "8f80b35c3761d0b6f3782d3e8a95256877816dcc",
        "type": "gitlab"
      },
      "original": {
        "dir": "pkgs/firefox-addons",
        "owner": "rycee",
        "repo": "nur-expressions",
        "type": "gitlab"
      }
    },
    "flake-compat": {
      "flake": false,
      "locked": {
        "lastModified": 1767039857,
        "narHash": "sha256-vNpUSpF5Nuw8xvDLj2KCwwksIbjua2LZCqhV1LNRDns=",
        "owner": "NixOS",
        "repo": "flake-compat",
        "rev": "5edf11c44bc78a0d334f6334cdaf7d60d732daab",
        "type": "github"
      },
      "original": {
        "owner": "NixOS",
        "repo": "flake-compat",
        "type": "github"
      }
    },
    "flake-parts": {
      "inputs": {
        "nixpkgs-lib": "nixpkgs-lib"
      },
      "locked": {
        "lastModified": 1782949081,
        "narHash": "sha256-vp6Y/Grm98ESt6ceOkWiHWyZRDV3J1RID4w+6NWK9yA=",
        "owner": "hercules-ci",
        "repo": "flake-parts",
        "rev": "17c9d6cdfc60c64f4ee8d306f9bc0b4ccb51481e",
        "type": "github"
      },
      "original": {
        "owner": "hercules-ci",
        "repo": "flake-parts",
        "type": "github"
      }
    },
    "flake-parts_2": {
      "inputs": {
        "nixpkgs-lib": [
          "steam-config-nix",
          "nixpkgs"
        ]
      },
      "locked": {
        "lastModified": 1765835352,
        "narHash": "sha256-XswHlK/Qtjasvhd1nOa1e8MgZ8GS//jBoTqWtrS1Giw=",
        "owner": "hercules-ci",
        "repo": "flake-parts",
        "rev": "a34fae9c08a15ad73f295041fec82323541400a9",
        "type": "github"
      },
      "original": {
        "owner": "hercules-ci",
        "repo": "flake-parts",
        "type": "github"
      }
    },
    "home-manager": {
      "inputs": {
        "nixpkgs": [
          "nixpkgs"
        ]
      },
      "locked": {
        "lastModified": 1785306346,
        "narHash": "sha256-DScBkW0fOgpGPK2trNoX3ryLTlaC14+gglFo/BhGJ4g=",
        "owner": "nix-community",
        "repo": "home-manager",
        "rev": "e705714e918c3b11affcdd15db2cbe3a070420a0",
        "type": "github"
      },
      "original": {
        "owner": "nix-community",
        "repo": "home-manager",
        "type": "github"
      }
    },
    "nix-cachyos-kernel": {
      "inputs": {
        "flake-compat": "flake-compat",
        "flake-parts": "flake-parts",
        "nixpkgs": "nixpkgs"
      },
      "locked": {
        "lastModified": 1785350152,
        "narHash": "sha256-X0IW27ziG1/9bcU9Z3KC5Hx+YcJ9qRf6BXNQCPEdbtg=",
        "owner": "xddxdd",
        "repo": "nix-cachyos-kernel",
        "rev": "c744ed90b77cfd9b60809854279eacef857909eb",
        "type": "github"
      },
      "original": {
        "owner": "xddxdd",
        "ref": "release",
        "repo": "nix-cachyos-kernel",
        "type": "github"
      }
    },
    "nix-gaming-edge": {
      "inputs": {
        "nixpkgs": [
          "nixpkgs"
        ]
      },
      "locked": {
        "lastModified": 1785312430,
        "narHash": "sha256-nl/Y0YST/S+9nykYMFnKmYeLS1P8eY/wNQEB+GFbapc=",
        "owner": "powerofthe69",
        "repo": "nix-gaming-edge",
        "rev": "a797249d3502a01b94d352e89de8c5c0d035bd59",
        "type": "github"
      },
      "original": {
        "owner": "powerofthe69",
        "repo": "nix-gaming-edge",
        "type": "github"
      }
    },
    "nix-osu-stable": {
      "inputs": {
        "nixpkgs": [
          "nixpkgs"
        ]
      },
      "locked": {
        "lastModified": 1785355579,
        "narHash": "sha256-NfiCideAQu2lSJaVv2JlT4SoeQuyA7guzJ3eKuflexk=",
        "owner": "gaavin",
        "repo": "nix-osu-stable",
        "rev": "b3d52864cf2e4bdb7426f55e3f30cc7b93a7ab7b",
        "type": "github"
      },
      "original": {
        "owner": "gaavin",
        "repo": "nix-osu-stable",
        "type": "github"
      }
    },
    "nixpkgs": {
      "locked": {
        "lastModified": 1785307242,
        "narHash": "sha256-ru0UgPKsj5gRJHkLVUY88sIymx4WPniZCtUJyldMtLs=",
        "owner": "NixOS",
        "repo": "nixpkgs",
        "rev": "255d738cbacb7f30ac8629e091538c4382841ac5",
        "type": "github"
      },
      "original": {
        "owner": "NixOS",
        "ref": "nixos-unstable-small",
        "repo": "nixpkgs",
        "type": "github"
      }
    },
    "nixpkgs-lib": {
      "locked": {
        "lastModified": 1782614948,
        "narHash": "sha256-ePjCwr1sNm9NYUqywL7QfK3JnlS015msC+eBu2zKlp8=",
        "owner": "nix-community",
        "repo": "nixpkgs.lib",
        "rev": "db3f255737b94216eb71cce308e2912cf6bc2d7c",
        "type": "github"
      },
      "original": {
        "owner": "nix-community",
        "repo": "nixpkgs.lib",
        "type": "github"
      }
    },
    "nixpkgs_2": {
      "locked": {
        "lastModified": 1785090369,
        "narHash": "sha256-JmPsbx37jA7Qga36iij0jsbwV4PVRACnqoVroAt/cAc=",
        "rev": "624af665418d3c65d544145b4d34ad696439570e",
        "type": "tarball",
        "url": "https://releases.nixos.org/nixos/unstable/nixos-26.11pre1042126.624af665418d/nixexprs.tar.xz"
      },
      "original": {
        "id": "nixpkgs",
        "ref": "nixos-unstable",
        "type": "indirect"
      }
    },
    "root": {
      "inputs": {
        "firefox-addons": "firefox-addons",
        "home-manager": "home-manager",
        "nix-cachyos-kernel": "nix-cachyos-kernel",
        "nix-gaming-edge": "nix-gaming-edge",
        "nix-osu-stable": "nix-osu-stable",
        "nixpkgs": "nixpkgs_2",
        "steam-config-nix": "steam-config-nix"
      }
    },
    "steam-config-nix": {
      "inputs": {
        "flake-parts": "flake-parts_2",
        "nixpkgs": [
          "nixpkgs"
        ],
        "systems": "systems"
      },
      "locked": {
        "lastModified": 1785286052,
        "narHash": "sha256-omF1eP7hMSaa7heszqy2cNjQMWYwPvf7iwX/d6tmgBE=",
        "owner": "gaavin",
        "repo": "steam-config-nix",
        "rev": "619b7f1bb5c7ee62acc01a9ed5eec067370d948e",
        "type": "github"
      },
      "original": {
        "owner": "gaavin",
        "ref": "feat/display-rates-as-bits",
        "repo": "steam-config-nix",
        "type": "github"
      }
    },
    "systems": {
      "locked": {
        "lastModified": 1681028828,
        "narHash": "sha256-Vy1rq5AaRuLzOxct8nz4T6wlgyUR7zLU309k9mBC768=",
        "owner": "nix-systems",
        "repo": "default",
        "rev": "da67096a3b9bf56a91d16901293e51ba5b49a27e",
        "type": "github"
      },
      "original": {
        "owner": "nix-systems",
        "repo": "default",
        "type": "github"
      }
    }
  },
  "root": "root",
  "version": 7
}
